
Microsoft Visual Studio Solution File, Format Version 11.00
# Visual Studio 2010
Project("{FAE04EC0-301F-11D3-BF4B-00C04F79EFBC}") = "Transmax_Programming_Test", "Transmax_Programming_Test\Transmax_Programming_Test.csproj", "{248C3803-61D9-4602-8127-0E88912A2EAC}"
EndProject
Project("{FAE04EC0-301F-11D3-BF4B-00C04F79EFBC}") = "Transmax_Programming_Test_UnitTest", "Transmax_Programming_Test_UnitTest\Transmax_Programming_Test_UnitTest.csproj", "{FCEFB7AD-B650-4993-91CC-88EDB7237177}"
EndProject
Project("{2150E333-8FDC-42A3-9474-1A3956D46DE8}") = "Solution Items", "Solution Items", "{9F80419F-EF03-4957-976C-AC0B753900DF}"
	ProjectSection(SolutionItems) = preProject
		Local.testsettings = Local.testsettings
		TraceAndTestImpact.testsettings = TraceAndTestImpact.testsettings
		Transmax_Programming_Test.vsmdi = Transmax_Programming_Test.vsmdi
	EndProjectSection
EndProject
Global
	GlobalSection(TestCaseManagementSettings) = postSolution
		CategoryFile = Transmax_Programming_Test.vsmdi
	EndGlobalSection
	GlobalSection(SolutionConfigurationPlatforms) = preSolution
		Debug|Any CPU = Debug|Any CPU
		Debug|Mixed Platforms = Debug|Mixed Platforms
		Debug|x86 = Debug|x86
		Release|Any CPU = Release|Any CPU
		Release|Mixed Platforms = Release|Mixed Platforms
		Release|x86 = Release|x86
	EndGlobalSection
	GlobalSection(ProjectConfigurationPlatforms) = postSolution
		{248C3803-61D9-4602-8127-0E88912A2EAC}.Debug|Any CPU.ActiveCfg = Debug|x86
		{248C3803-61D9-4602-8127-0E88912A2EAC}.Debug|Mixed Platforms.ActiveCfg = Debug|x86
		{248C3803-61D9-4602-8127-0E88912A2EAC}.Debug|Mixed Platforms.Build.0 = Debug|x86
		{248C3803-61D9-4602-8127-0E88912A2EAC}.Debug|x86.ActiveCfg = Debug|x86
		{248C3803-61D9-4602-8127-0E88912A2EAC}.Debug|x86.Build.0 = Debug|x86
		{248C3803-61D9-4602-8127-0E88912A2EAC}.Release|Any CPU.ActiveCfg = Release|x86
		{248C3803-61D9-4602-8127-0E88912A2EAC}.Release|Mixed Platforms.ActiveCfg = Release|x86
		{248C3803-61D9-4602-8127-0E88912A2EAC}.Release|Mixed Platforms.Build.0 = Release|x86
		{248C3803-61D9-4602-8127-0E88912A2EAC}.Release|x86.ActiveCfg = Release|x86
		{248C3803-61D9-4602-8127-0E88912A2EAC}.Release|x86.Build.0 = Release|x86
		{FCEFB7AD-B650-4993-91CC-88EDB7237177}.Debug|Any CPU.ActiveCfg = Debug|Any CPU
		{FCEFB7AD-B650-4993-91CC-88EDB7237177}.Debug|Any CPU.Build.0 = Debug|Any CPU
		{FCEFB7AD-B650-4993-91CC-88EDB7237177}.Debug|Mixed Platforms.ActiveCfg = Debug|x86
		{FCEFB7AD-B650-4993-91CC-88EDB7237177}.Debug|Mixed Platforms.Build.0 = Debug|x86
		{FCEFB7AD-B650-4993-91CC-88EDB7237177}.Debug|x86.ActiveCfg = Debug|Any CPU
		{FCEFB7AD-B650-4993-91CC-88EDB7237177}.Release|Any CPU.ActiveCfg = Release|Any CPU
		{FCEFB7AD-B650-4993-91CC-88EDB7237177}.Release|Any CPU.Build.0 = Release|Any CPU
		{FCEFB7AD-B650-4993-91CC-88EDB7237177}.Release|Mixed Platforms.ActiveCfg = Release|Any CPU
		{FCEFB7AD-B650-4993-91CC-88EDB7237177}.Release|Mixed Platforms.Build.0 = Release|Any CPU
		{FCEFB7AD-B650-4993-91CC-88EDB7237177}.Release|x86.ActiveCfg = Release|Any CPU
	EndGlobalSection
	GlobalSection(SolutionProperties) = preSolution
		HideSolutionNode = FALSE
	EndGlobalSection
EndGlobal
